
Microsoft Visual Studio Solution File, Format Version 12.00
# Visual Studio Version 17
VisualStudioVersion = 17.4.33205.214
MinimumVisualStudioVersion = 10.0.40219.1
Project("{888888A0-9F3D-457C-B088-3A5042F75D52}") = "NewFunktsion", "NewFunktsion\NewFunktsion.pyproj", "{AADA2560-125A-4CC5-9C1B-E0775919D566}"
EndProject
Global
	GlobalSection(SolutionConfigurationPlatforms) = preSolution
		Debug|Any CPU = Debug|Any CPU
		Release|Any CPU = Release|Any CPU
	EndGlobalSection
	GlobalSection(ProjectConfigurationPlatforms) = postSolution
		{AADA2560-125A-4CC5-9C1B-E0775919D566}.Debug|Any CPU.ActiveCfg = Debug|Any CPU
		{AADA2560-125A-4CC5-9C1B-E0775919D566}.Release|Any CPU.ActiveCfg = Release|Any CPU
	EndGlobalSection
	GlobalSection(SolutionProperties) = preSolution
		HideSolutionNode = FALSE
	EndGlobalSection
	GlobalSection(ExtensibilityGlobals) = postSolution
		SolutionGuid = {F3CE278C-4406-45EC-94A0-E23C0178289A}
	EndGlobalSection
EndGlobal
